
Microsoft Visual Studio Solution File, Format Version 12.00
# Visual Studio Version 16
VisualStudioVersion = 16.0.29519.87
MinimumVisualStudioVersion = 10.0.40219.1
Project("{FAE04EC0-301F-11D3-BF4B-00C04F79EFBC}") = "五子棋", "五子棋.csproj", "{C50B63C6-B690-4360-85BA-BA993542B431}"
EndProject
Global
	GlobalSection(SolutionConfigurationPlatforms) = preSolution
		Debug|Any CPU = Debug|Any CPU
		Release|Any CPU = Release|Any CPU
	EndGlobalSection
	GlobalSection(ProjectConfigurationPlatforms) = postSolution
		{C50B63C6-B690-4360-85BA-BA993542B431}.Debug|Any CPU.ActiveCfg = Debug|Any CPU
		{C50B63C6-B690-4360-85BA-BA993542B431}.Debug|Any CPU.Build.0 = Debug|Any CPU
		{C50B63C6-B690-4360-85BA-BA993542B431}.Release|Any CPU.ActiveCfg = Release|Any CPU
		{C50B63C6-B690-4360-85BA-BA993542B431}.Release|Any CPU.Build.0 = Release|Any CPU
	EndGlobalSection
	GlobalSection(SolutionProperties) = preSolution
		HideSolutionNode = FALSE
	EndGlobalSection
	GlobalSection(ExtensibilityGlobals) = postSolution
		SolutionGuid = {320D1AF6-84EA-427A-91B8-327C54B7DC8F}
	EndGlobalSection
EndGlobal
